{
  "name": "afv-library",
  "lockfileVersion": 3,
  "requires": true,
  "packages": {
    "": {
      "name": "afv-library",
      "devDependencies": {
        "@salesforce/webapp-template-app-react-sample-b2e-experimental": "*"
      }
    },
    "node_modules/@salesforce/webapp-template-app-react-sample-b2e-experimental": {
      "version": "1.59.1",
      "resolved": "https://registry.npmjs.org/@salesforce/webapp-template-app-react-sample-b2e-experimental/-/webapp-template-app-react-sample-b2e-experimental-1.59.1.tgz",
      "integrity": "sha512-6B9TelJ2o2lh1gcgCOqJOtiQmuyM4Eb7BRqlfPTK/gag9MXNgfFr6WiBQRjlu9BwB+6NlBjzDq4PoH9kF2N34Q==",
      "dev": true
    }
  }
}
